# This file is automatically @generated by Cargo.
# It is not intended for manual editing.
version = 4

[[package]]
name = "bootloader_api"
version = "0.11.17"
source = "registry+https://github.com/rust-lang/crates.io-index"
checksum = "49f4c2ef60a76c1858ef43c30b6b95c2f5ee4d7c4f9bc47409c3a8dc8910adb9"

[[package]]
name = "kernel"
version = "0.1.0"
dependencies = [
 "bootloader_api",
]

[[package]]
name = "rust-os-runner"
version = "0.1.0"
